
Microsoft Visual Studio Solution File, Format Version 12.00
# Visual Studio Version 17
VisualStudioVersion = 17.7.34024.191
MinimumVisualStudioVersion = 10.0.40219.1
Project("{FAE04EC0-301F-11D3-BF4B-00C04F79EFBC}") = "ObserverPattern", "ObserverPattern\ObserverPattern.csproj", "{892FD935-9212-479A-A7FB-931CAB54D68C}"
EndProject
Global
	GlobalSection(SolutionConfigurationPlatforms) = preSolution
		Debug|Any CPU = Debug|Any CPU
		Release|Any CPU = Release|Any CPU
	EndGlobalSection
	GlobalSection(ProjectConfigurationPlatforms) = postSolution
		{892FD935-9212-479A-A7FB-931CAB54D68C}.Debug|Any CPU.ActiveCfg = Debug|Any CPU
		{892FD935-9212-479A-A7FB-931CAB54D68C}.Debug|Any CPU.Build.0 = Debug|Any CPU
		{892FD935-9212-479A-A7FB-931CAB54D68C}.Release|Any CPU.ActiveCfg = Release|Any CPU
		{892FD935-9212-479A-A7FB-931CAB54D68C}.Release|Any CPU.Build.0 = Release|Any CPU
	EndGlobalSection
	GlobalSection(SolutionProperties) = preSolution
		HideSolutionNode = FALSE
	EndGlobalSection
	GlobalSection(ExtensibilityGlobals) = postSolution
		SolutionGuid = {A92EBFBD-BA0F-4C1E-B6A2-1DED47702337}
	EndGlobalSection
EndGlobal
