
Microsoft Visual Studio Solution File, Format Version 12.00
# Visual Studio Version 17
VisualStudioVersion = 17.7.34024.191
MinimumVisualStudioVersion = 10.0.40219.1
Project("{FAE04EC0-301F-11D3-BF4B-00C04F79EFBC}") = "MediatorPatternSample2", "MediatorPatternSample2\MediatorPatternSample2.csproj", "{DBC52D5A-0769-470C-8A56-4AB4099339A7}"
EndProject
Global
	GlobalSection(SolutionConfigurationPlatforms) = preSolution
		Debug|Any CPU = Debug|Any CPU
		Release|Any CPU = Release|Any CPU
	EndGlobalSection
	GlobalSection(ProjectConfigurationPlatforms) = postSolution
		{DBC52D5A-0769-470C-8A56-4AB4099339A7}.Debug|Any CPU.ActiveCfg = Debug|Any CPU
		{DBC52D5A-0769-470C-8A56-4AB4099339A7}.Debug|Any CPU.Build.0 = Debug|Any CPU
		{DBC52D5A-0769-470C-8A56-4AB4099339A7}.Release|Any CPU.ActiveCfg = Release|Any CPU
		{DBC52D5A-0769-470C-8A56-4AB4099339A7}.Release|Any CPU.Build.0 = Release|Any CPU
	EndGlobalSection
	GlobalSection(SolutionProperties) = preSolution
		HideSolutionNode = FALSE
	EndGlobalSection
	GlobalSection(ExtensibilityGlobals) = postSolution
		SolutionGuid = {619CF723-0F3D-47CB-9898-7AD58AF8E8F7}
	EndGlobalSection
EndGlobal
