
Microsoft Visual Studio Solution File, Format Version 12.00
# Visual Studio Version 17
VisualStudioVersion = 17.7.34024.191
MinimumVisualStudioVersion = 10.0.40219.1
Project("{FAE04EC0-301F-11D3-BF4B-00C04F79EFBC}") = "Memento", "Memento\Memento.csproj", "{67A15E1E-1B12-464E-8F0B-B0EF3B1BB336}"
EndProject
Global
	GlobalSection(SolutionConfigurationPlatforms) = preSolution
		Debug|Any CPU = Debug|Any CPU
		Release|Any CPU = Release|Any CPU
	EndGlobalSection
	GlobalSection(ProjectConfigurationPlatforms) = postSolution
		{67A15E1E-1B12-464E-8F0B-B0EF3B1BB336}.Debug|Any CPU.ActiveCfg = Debug|Any CPU
		{67A15E1E-1B12-464E-8F0B-B0EF3B1BB336}.Debug|Any CPU.Build.0 = Debug|Any CPU
		{67A15E1E-1B12-464E-8F0B-B0EF3B1BB336}.Release|Any CPU.ActiveCfg = Release|Any CPU
		{67A15E1E-1B12-464E-8F0B-B0EF3B1BB336}.Release|Any CPU.Build.0 = Release|Any CPU
	EndGlobalSection
	GlobalSection(SolutionProperties) = preSolution
		HideSolutionNode = FALSE
	EndGlobalSection
	GlobalSection(ExtensibilityGlobals) = postSolution
		SolutionGuid = {491D1B2E-2395-426D-B22C-70BEA68FE3F9}
	EndGlobalSection
EndGlobal
