
Microsoft Visual Studio Solution File, Format Version 12.00
# Visual Studio Version 17
VisualStudioVersion = 17.7.34024.191
MinimumVisualStudioVersion = 10.0.40219.1
Project("{FAE04EC0-301F-11D3-BF4B-00C04F79EFBC}") = "ChainofResponsibilityPattern", "ChainofResponsibilityPattern\ChainofResponsibilityPattern.csproj", "{F3AB3270-E8C5-4C3C-9BB2-AD4DE0E3888F}"
EndProject
Global
	GlobalSection(SolutionConfigurationPlatforms) = preSolution
		Debug|Any CPU = Debug|Any CPU
		Release|Any CPU = Release|Any CPU
	EndGlobalSection
	GlobalSection(ProjectConfigurationPlatforms) = postSolution
		{F3AB3270-E8C5-4C3C-9BB2-AD4DE0E3888F}.Debug|Any CPU.ActiveCfg = Debug|Any CPU
		{F3AB3270-E8C5-4C3C-9BB2-AD4DE0E3888F}.Debug|Any CPU.Build.0 = Debug|Any CPU
		{F3AB3270-E8C5-4C3C-9BB2-AD4DE0E3888F}.Release|Any CPU.ActiveCfg = Release|Any CPU
		{F3AB3270-E8C5-4C3C-9BB2-AD4DE0E3888F}.Release|Any CPU.Build.0 = Release|Any CPU
	EndGlobalSection
	GlobalSection(SolutionProperties) = preSolution
		HideSolutionNode = FALSE
	EndGlobalSection
	GlobalSection(ExtensibilityGlobals) = postSolution
		SolutionGuid = {F5D942A2-3FCA-4AF9-94C6-288EB3DB5EEF}
	EndGlobalSection
EndGlobal
